
Microsoft Visual Studio Solution File, Format Version 12.00
Project("{FAE04EC0-301F-11D3-BF4B-00C04F79EFBC}") = "Intro1.Csharp", "Intro1.Csharp\Intro1.Csharp.csproj", "{D07B8398-8EEE-4C9F-9B04-2DE867290940}"
EndProject
Project("{FAE04EC0-301F-11D3-BF4B-00C04F79EFBC}") = "TestTask9", "TestTask9\TestTask9.csproj", "{DFBB1CAD-DB96-4BC6-B2E2-61D74479AE56}"
EndProject
Global
	GlobalSection(SolutionConfigurationPlatforms) = preSolution
		Debug|Any CPU = Debug|Any CPU
		Release|Any CPU = Release|Any CPU
	EndGlobalSection
	GlobalSection(ProjectConfigurationPlatforms) = postSolution
		{D07B8398-8EEE-4C9F-9B04-2DE867290940}.Debug|Any CPU.ActiveCfg = Debug|Any CPU
		{D07B8398-8EEE-4C9F-9B04-2DE867290940}.Debug|Any CPU.Build.0 = Debug|Any CPU
		{D07B8398-8EEE-4C9F-9B04-2DE867290940}.Release|Any CPU.ActiveCfg = Release|Any CPU
		{D07B8398-8EEE-4C9F-9B04-2DE867290940}.Release|Any CPU.Build.0 = Release|Any CPU
		{DFBB1CAD-DB96-4BC6-B2E2-61D74479AE56}.Debug|Any CPU.ActiveCfg = Debug|Any CPU
		{DFBB1CAD-DB96-4BC6-B2E2-61D74479AE56}.Debug|Any CPU.Build.0 = Debug|Any CPU
		{DFBB1CAD-DB96-4BC6-B2E2-61D74479AE56}.Release|Any CPU.ActiveCfg = Release|Any CPU
		{DFBB1CAD-DB96-4BC6-B2E2-61D74479AE56}.Release|Any CPU.Build.0 = Release|Any CPU
	EndGlobalSection
EndGlobal
